{
  "version": 4,
  "terraform_version": "0.12.26",
  "serial": 4,
  "lineage": "47a5d08f-6366-9941-923e-f90d07e7f9a4",
  "outputs": {},
  "resources": [
    {
      "mode": "data",
      "type": "nutanix_clusters",
      "name": "clusters",
      "provider": "provider.nutanix",
      "instances": [
        {
          "schema_version": 0,
          "attributes": {
            "api_version": "3.1",
            "entities": [
              {
                "analysis_vm_efficiency_map": {},
                "api_version": "",
                "authorized_public_key_list": [],
                "build": {
                  "build_type": "release",
                  "commit_date": "2020-12-04T13:41:55Z",
                  "commit_id": "294833c0a169ac32e473e16fa2d8cc02715dec7d",
                  "full_version": "el7.3-release-euphrates-5.15.4-stable-294833c0a169ac32e473e16fa2d8cc02715dec7d",
                  "short_commit_id": "294833",
                  "version": "5.15.4"
                },
                "ca_certificate_list": [],
                "categories": [],
                "certification_signing_info": {},
                "client_auth": {},
                "cluster_arch": "X86_64",
                "domain_server_credentials": {},
                "domain_server_name": "",
                "domain_server_nameserver": "",
                "enabled_feature_list": [
                  "PASSWORD_REMOTE_LOGIN_ENABLED",
                  "SHADOW_CLONES_ENABLED"
                ],
                "encryption_status": "NOT_SUPPORTED",
                "external_data_services_ip": "10.201.187.3",
                "external_ip": "10.201.187.2",
                "external_subnet": "10.201.187.0/255.255.255.0",
                "gpu_driver_version": "",
                "http_proxy_list": [
                  {
                    "address": {
                      "fqdn": "",
                      "ip": "10.202.3.127",
                      "ipv6": "",
                      "port": "3128"
                    },
                    "credentials": {},
                    "proxy_type_list": [
                      "HTTP"
                    ]
                  }
                ],
                "http_proxy_whitelist": [],
                "internal_subnet": "192.168.5.0/255.255.255.128",
                "is_available": true,
                "management_server_list": [],
                "masquerading_ip": "",
                "masquerading_port": 0,
                "metadata": {
                  "creation_time": "2020-04-20 06:13:37 +0000 UTC",
                  "last_update_time": "2020-05-29 08:23:03 +0000 UTC",
                  "name": "",
                  "spec_hash": "",
                  "spec_version": "9",
                  "uuid": "00059e68-e86e-f569-497e-ac1f6b3b4b58"
                },
                "name": "D2P-TAPNTNX-01",
                "name_server_ip_list": [
                  "10.18.15.121",
                  "10.18.15.122"
                ],
                "nfs_subnet_whitelist": [],
                "nodes": [
                  {
                    "ip": "10.201.187.30",
                    "type": "AHV",
                    "version": "el7.nutanix.20190916.360"
                  },
                  {
                    "ip": "127.0.0.1",
                    "type": "AHV",
                    "version": ""
                  },
                  {
                    "ip": "10.201.187.22",
                    "type": "AHV",
                    "version": "el7.nutanix.20190916.360"
                  },
                  {
                    "ip": "10.201.187.25",
                    "type": "AHV",
                    "version": "el7.nutanix.20190916.360"
                  },
                  {
                    "ip": "10.201.187.21",
                    "type": "AHV",
                    "version": "el7.nutanix.20190916.360"
                  },
                  {
                    "ip": "10.201.187.26",
                    "type": "AHV",
                    "version": "el7.nutanix.20190916.360"
                  },
                  {
                    "ip": "10.201.187.29",
                    "type": "AHV",
                    "version": "el7.nutanix.20190916.360"
                  },
                  {
                    "ip": "10.201.187.23",
                    "type": "AHV",
                    "version": "el7.nutanix.20190916.360"
                  },
                  {
                    "ip": "10.201.187.24",
                    "type": "AHV",
                    "version": "el7.nutanix.20190916.360"
                  },
                  {
                    "ip": "10.201.187.27",
                    "type": "AHV",
                    "version": "el7.nutanix.20190916.360"
                  },
                  {
                    "ip": "10.201.187.28",
                    "type": "AHV",
                    "version": "el7.nutanix.20190916.360"
                  }
                ],
                "ntp_server_ip_list": [
                  "10.18.15.121",
                  "10.18.15.122"
                ],
                "operation_mode": "NORMAL",
                "owner_reference": {},
                "project_reference": {},
                "service_list": [
                  "AOS"
                ],
                "smtp_server_address": {
                  "fqdn": "",
                  "ip": "10.202.3.139",
                  "ipv6": "",
                  "port": "25"
                },
                "smtp_server_credentials": {},
                "smtp_server_email_address": "d2p-tapntnxpe-01@truedigital.com",
                "smtp_server_proxy_type_list": [],
                "smtp_server_type": "PLAIN",
                "software_map_ncc": {},
                "software_map_nos": {
                  "software_type": "NOS",
                  "status": "INSTALLED",
                  "version": "5.15.4"
                },
                "ssl_key_expire_datetime": "2021-09-22T23:59:59Z",
                "ssl_key_name": "",
                "ssl_key_signing_info": {
                  "city": "",
                  "common_name": "*.tdg-analytics-platform.io\n",
                  "common_name_suffix": "",
                  "country_code": "",
                  "email_address": "",
                  "organization": "",
                  "state": ""
                },
                "ssl_key_type": "RSA_2048",
                "state": "COMPLETE",
                "supported_information_verbosity": "BASIC_PLUS_CORE_DUMP",
                "timezone": "Asia/Bangkok"
              }
            ],
            "id": "terraform-20211214131142585600000001"
          }
        }
      ]
    },
    {
      "mode": "managed",
      "type": "nutanix_virtual_machine",
      "name": "vm1",
      "each": "map",
      "provider": "provider.nutanix",
      "instances": [
        {
          "index_key": "vm_0",
          "schema_version": 1,
          "attributes": {
            "api_version": "3.1",
            "availability_zone_reference": {},
            "boot_device_disk_address": {},
            "boot_device_mac_address": "",
            "boot_device_order_list": [
              "CDROM",
              "DISK",
              "NETWORK"
            ],
            "boot_type": "LEGACY",
            "categories": [],
            "cloud_init_cdrom_uuid": "2c4119da-ccdb-4542-98c0-020bdee6f897",
            "cluster_name": "D2P-TAPNTNX-01",
            "cluster_uuid": "00059e68-e86e-f569-497e-ac1f6b3b4b58",
            "description": "",
            "disk_list": [
              {
                "data_source_reference": {},
                "device_properties": [
                  {
                    "device_type": "DISK",
                    "disk_address": {
                      "adapter_type": "SCSI",
                      "device_index": "0"
                    }
                  }
                ],
                "disk_size_bytes": 536870912000,
                "disk_size_mib": 512000,
                "storage_config": [],
                "uuid": "fbb21142-d36a-40b2-bfcd-ad0a7f71f60d",
                "volume_group_reference": {}
              }
            ],
            "enable_script_exec": false,
            "gpu_list": [],
            "guest_customization_cloud_init_custom_key_values": {},
            "guest_customization_cloud_init_meta_data": "",
            "guest_customization_cloud_init_user_data": "I2Nsb3VkLWNvbmZpZwpob3N0bmFtZTogbXRnOC1oZHAzLW10LTAxCmZxZG46IG10ZzgtaGRwMy1tdC0wMS50YXAudHJ1ZS50aAp3cml0ZV9maWxlczoKICAtIHBhdGg6IC9ldGMvc3lzY29uZmlnL25ldHdvcmstc2NyaXB0cy9pZmNmZy1ldGgwCiAgICBjb250ZW50OiB8IAogICAgICBOQU1FPWV0aDAKICAgICAgREVWSUNFPWV0aDAKICAgICAgQk9PVFBST1RPPSJub25lIgogICAgICBORVRNQVNLPSIyNTUuMjU1LjI1NS4wIgogICAgICBJUEFERFI9IjEwLjIwMS4xODEuODEiCiAgICAgICNHQVRFV0FZPSIxMC4yMDEuMTgxLjEiCiAgICAgIE9OQk9PVD0ieWVzIiAKICAtIHBhdGg6IC9ldGMvc3lzY29uZmlnL25ldHdvcmstc2NyaXB0cy9pZmNmZy1ldGgxIAogICAgY29udGVudDogfCAKICAgICAgTkFNRT1ldGgxCiAgICAgIERFVklDRT1ldGgxCiAgICAgIEJPT1RQUk9UTz0ibm9uZSIKICAgICAgTkVUTUFTSz0iMjU1LjI1NS4yNTUuMCIKICAgICAgSVBBRERSPSIxMC4yMTEuNTMuODEiCiAgICAgIEdBVEVXQVk9IjEwLjIxMS41My4xIgogICAgICBPTkJPT1Q9InllcyIKICAtIHBhdGg6IC9ldGMvc3lzY29uZmlnL25ldHdvcmstc2NyaXB0cy9yb3V0ZS1ldGgwIAogICAgY29udGVudDogfAogICAgICAxMC4yMDIuMy4wLzI0ICB2aWEgMTAuMjAxLjE4MS4xIGRldiBldGgwCiAgICAgIDEwLjIwNS40LjAvMjIgIHZpYSAxMC4yMDEuMTgxLjEgZGV2IGV0aDAKICAgICAgMTAuMjAyLjkuMC8yNCAgdmlhIDEwLjIwMS4xODEuMSBkZXYgZXRoMAogICAgICAxMC4xOC4xMTEuMC8yNCB2aWEgMTAuMjAxLjE4MS4xIGRldiBldGgwCiAgICAgIDEwLjE4LjEyLjAvMjQgIHZpYSAxMC4yMDEuMTgxLjEgZGV2IGV0aDAKICAgICAgMTAuMjAwLjIxLjAvMjQgdmlhIDEwLjIwMS4xODEuMSBkZXYgZXRoMAogICAgICAxMC4yMDEuMC4wLzE2IHZpYSAxMC4yMDEuMTgxLjEgZGV2IGV0aDAKICAgICAgMTAuMTguMTUuMC8yNCB2aWEgMTAuMjAxLjE4MS4xIGRldiBldGgwCiAgICAgIDEwLjIwNS4xMDQuMC8xNiB2aWEgMTAuMjAxLjE4MS4xIGRldiBldGgwCgogIC0gcGF0aDogL2V0Yy9wcm9maWxlLmQvcHJveHkuc2gKICAgIHBlcm1pc3Npb25zOiAnMDc1NScKICAgIGNvbnRlbnQ6IHwKICAgICAgTVlQUk9YWT0iaHR0cDovLzEwLjEwMS4yMDEuMjQxOjMxMjgiCiAgICAgIEZUUF9QUk9YWT0kTVlQUk9YWQogICAgICBIVFRQX1BST1hZPSRNWVBST1hZCiAgICAgIEhUVFBTX1BST1hZPSRNWVBST1hZCiAgICAgIGZ0cF9wcm94eT0kTVlQUk9YWQogICAgICBodHRwX3Byb3h5PSRNWVBST1hZCiAgICAgIGh0dHBzX3Byb3h5PSRNWVBST1hZCiAgICAgIG5vX3Byb3h5PSJsb2NhbGhvc3QsMTI3LjAuMC4xLGxvY2FsYWRkcmVzcywudGFwLnRydWUudGgiCiAgICAgIGV4cG9ydCBGVFBfUFJPWFkgSFRUUF9QUk9YWSBIVFRQU19QUk9YWSBmdHBfcHJveHkgaHR0cF9wcm94eSBodHRwc19wcm94eSBub19wcm94eQoKcnVuY21kOiAKICAtIFsvc2Jpbi9pZmRvd24sIGV0aDBdCiAgLSBbL3NiaW4vaWZ1cCwgZXRoMF0KICAtIFsvc2Jpbi9pZmRvd24sIGV0aDEgXQogIC0gWy9zYmluL2lmdXAsIGV0aDEgXQoKdXNlciA6IHRhcGFkbQpwYXNzd29yZDogcGFzczk5d29yZApjaHBhc3N3ZDogeyBleHBpcmU6IEZhbHNlIH0=",
            "guest_customization_is_overridable": false,
            "guest_customization_sysprep": {},
            "guest_customization_sysprep_custom_key_values": {},
            "guest_os_id": "",
            "hardware_clock_timezone": "UTC",
            "host_reference": {
              "kind": "host",
              "name": "10.201.187.27",
              "uuid": "e7af7688-1788-4451-9808-3b6e087570db"
            },
            "hypervisor_type": null,
            "id": "b0fdc0b5-ac64-44c6-a760-22448e11b3d0",
            "machine_type": "PC",
            "memory_size_mib": 32768,
            "metadata": {
              "creation_time": "2021-12-14 13:11:49 +0000 UTC",
              "last_update_time": "2021-12-14 13:12:03 +0000 UTC",
              "name": "",
              "spec_hash": "",
              "spec_version": "1",
              "uuid": "b0fdc0b5-ac64-44c6-a760-22448e11b3d0"
            },
            "name": "MTG8-HDP3-MT-01",
            "ngt_credentials": {},
            "ngt_enabled_capability_list": [],
            "nic_list": [
              {
                "ip_endpoint_list": [],
                "is_connected": "true",
                "mac_address": "50:6b:8d:4d:c6:01",
                "model": "",
                "network_function_chain_reference": {},
                "network_function_nic_type": "",
                "nic_type": "NORMAL_NIC",
                "subnet_name": "TAP_P_BE_DB_MGMT(2)",
                "subnet_uuid": "b4d9ea47-3b0a-4348-9f66-536ffacf60f4",
                "uuid": "428a09c9-125f-498b-94e8-d025e16ed94b"
              },
              {
                "ip_endpoint_list": [],
                "is_connected": "true",
                "mac_address": "50:6b:8d:27:28:1e",
                "model": "",
                "network_function_chain_reference": {},
                "network_function_nic_type": "",
                "nic_type": "NORMAL_NIC",
                "subnet_name": "TAP_P_BE_DB(53)",
                "subnet_uuid": "86da3c1c-9944-4048-82e7-6255f221e919",
                "uuid": "d5238a84-cbd1-4378-83e8-acbc9c157c1f"
              }
            ],
            "nic_list_status": [
              {
                "floating_ip": "",
                "ip_endpoint_list": [],
                "is_connected": "true",
                "mac_address": "50:6b:8d:4d:c6:01",
                "model": "",
                "network_function_chain_reference": {},
                "network_function_nic_type": "",
                "nic_type": "NORMAL_NIC",
                "subnet_name": "TAP_P_BE_DB_MGMT(2)",
                "subnet_uuid": "b4d9ea47-3b0a-4348-9f66-536ffacf60f4",
                "uuid": "428a09c9-125f-498b-94e8-d025e16ed94b"
              },
              {
                "floating_ip": "",
                "ip_endpoint_list": [],
                "is_connected": "true",
                "mac_address": "50:6b:8d:27:28:1e",
                "model": "",
                "network_function_chain_reference": {},
                "network_function_nic_type": "",
                "nic_type": "NORMAL_NIC",
                "subnet_name": "TAP_P_BE_DB(53)",
                "subnet_uuid": "86da3c1c-9944-4048-82e7-6255f221e919",
                "uuid": "d5238a84-cbd1-4378-83e8-acbc9c157c1f"
              }
            ],
            "num_sockets": 2,
            "num_vcpus_per_socket": 4,
            "num_vnuma_nodes": 0,
            "nutanix_guest_tools": {},
            "owner_reference": {
              "kind": "user",
              "name": "patcharapon_nat",
              "uuid": "eebc9e7d-35fd-5e30-866e-06bc3428d5e5"
            },
            "parent_reference": {},
            "power_state": "ON",
            "power_state_mechanism": "",
            "project_reference": {},
            "serial_port_list": [],
            "should_fail_on_script_failure": false,
            "state": "COMPLETE",
            "use_hot_add": true,
            "vga_console_enabled": true
          },
          "private": "eyJzY2hlbWFfdmVyc2lvbiI6IjEifQ=="
        },
        {
          "index_key": "vm_1",
          "schema_version": 1,
          "attributes": {
            "api_version": "3.1",
            "availability_zone_reference": {},
            "boot_device_disk_address": {},
            "boot_device_mac_address": "",
            "boot_device_order_list": [
              "CDROM",
              "DISK",
              "NETWORK"
            ],
            "boot_type": "LEGACY",
            "categories": [],
            "cloud_init_cdrom_uuid": "b0fd9a5a-23a7-455a-a2d3-0acb283b9b18",
            "cluster_name": "D2P-TAPNTNX-01",
            "cluster_uuid": "00059e68-e86e-f569-497e-ac1f6b3b4b58",
            "description": "",
            "disk_list": [
              {
                "data_source_reference": {},
                "device_properties": [
                  {
                    "device_type": "DISK",
                    "disk_address": {
                      "adapter_type": "SCSI",
                      "device_index": "0"
                    }
                  }
                ],
                "disk_size_bytes": 536870912000,
                "disk_size_mib": 512000,
                "storage_config": [],
                "uuid": "71c2f2c8-9624-4d8e-83be-1d81ad98e68e",
                "volume_group_reference": {}
              }
            ],
            "enable_script_exec": false,
            "gpu_list": [],
            "guest_customization_cloud_init_custom_key_values": {},
            "guest_customization_cloud_init_meta_data": "",
            "guest_customization_cloud_init_user_data": "I2Nsb3VkLWNvbmZpZwpob3N0bmFtZTogbXRnOC1oZHAzLW10LTAyCmZxZG46IG10ZzgtaGRwMy1tdC0wMi50YXAudHJ1ZS50aAp3cml0ZV9maWxlczoKICAtIHBhdGg6IC9ldGMvc3lzY29uZmlnL25ldHdvcmstc2NyaXB0cy9pZmNmZy1ldGgwCiAgICBjb250ZW50OiB8IAogICAgICBOQU1FPWV0aDAKICAgICAgREVWSUNFPWV0aDAKICAgICAgQk9PVFBST1RPPSJub25lIgogICAgICBORVRNQVNLPSIyNTUuMjU1LjI1NS4wIgogICAgICBJUEFERFI9IjEwLjIwMS4xODEuODIiCiAgICAgICNHQVRFV0FZPSIxMC4yMDEuMTgxLjEiCiAgICAgIE9OQk9PVD0ieWVzIiAKICAtIHBhdGg6IC9ldGMvc3lzY29uZmlnL25ldHdvcmstc2NyaXB0cy9pZmNmZy1ldGgxIAogICAgY29udGVudDogfCAKICAgICAgTkFNRT1ldGgxCiAgICAgIERFVklDRT1ldGgxCiAgICAgIEJPT1RQUk9UTz0ibm9uZSIKICAgICAgTkVUTUFTSz0iMjU1LjI1NS4yNTUuMCIKICAgICAgSVBBRERSPSIxMC4yMTEuNTMuODIiCiAgICAgIEdBVEVXQVk9IjEwLjIxMS41My4xIgogICAgICBPTkJPT1Q9InllcyIKICAtIHBhdGg6IC9ldGMvc3lzY29uZmlnL25ldHdvcmstc2NyaXB0cy9yb3V0ZS1ldGgwIAogICAgY29udGVudDogfAogICAgICAxMC4yMDIuMy4wLzI0ICB2aWEgMTAuMjAxLjE4MS4xIGRldiBldGgwCiAgICAgIDEwLjIwNS40LjAvMjIgIHZpYSAxMC4yMDEuMTgxLjEgZGV2IGV0aDAKICAgICAgMTAuMjAyLjkuMC8yNCAgdmlhIDEwLjIwMS4xODEuMSBkZXYgZXRoMAogICAgICAxMC4xOC4xMTEuMC8yNCB2aWEgMTAuMjAxLjE4MS4xIGRldiBldGgwCiAgICAgIDEwLjE4LjEyLjAvMjQgIHZpYSAxMC4yMDEuMTgxLjEgZGV2IGV0aDAKICAgICAgMTAuMjAwLjIxLjAvMjQgdmlhIDEwLjIwMS4xODEuMSBkZXYgZXRoMAogICAgICAxMC4yMDEuMC4wLzE2IHZpYSAxMC4yMDEuMTgxLjEgZGV2IGV0aDAKICAgICAgMTAuMTguMTUuMC8yNCB2aWEgMTAuMjAxLjE4MS4xIGRldiBldGgwCiAgICAgIDEwLjIwNS4xMDQuMC8xNiB2aWEgMTAuMjAxLjE4MS4xIGRldiBldGgwCgogIC0gcGF0aDogL2V0Yy9wcm9maWxlLmQvcHJveHkuc2gKICAgIHBlcm1pc3Npb25zOiAnMDc1NScKICAgIGNvbnRlbnQ6IHwKICAgICAgTVlQUk9YWT0iaHR0cDovLzEwLjEwMS4yMDEuMjQxOjMxMjgiCiAgICAgIEZUUF9QUk9YWT0kTVlQUk9YWQogICAgICBIVFRQX1BST1hZPSRNWVBST1hZCiAgICAgIEhUVFBTX1BST1hZPSRNWVBST1hZCiAgICAgIGZ0cF9wcm94eT0kTVlQUk9YWQogICAgICBodHRwX3Byb3h5PSRNWVBST1hZCiAgICAgIGh0dHBzX3Byb3h5PSRNWVBST1hZCiAgICAgIG5vX3Byb3h5PSJsb2NhbGhvc3QsMTI3LjAuMC4xLGxvY2FsYWRkcmVzcywudGFwLnRydWUudGgiCiAgICAgIGV4cG9ydCBGVFBfUFJPWFkgSFRUUF9QUk9YWSBIVFRQU19QUk9YWSBmdHBfcHJveHkgaHR0cF9wcm94eSBodHRwc19wcm94eSBub19wcm94eQoKcnVuY21kOiAKICAtIFsvc2Jpbi9pZmRvd24sIGV0aDBdCiAgLSBbL3NiaW4vaWZ1cCwgZXRoMF0KICAtIFsvc2Jpbi9pZmRvd24sIGV0aDEgXQogIC0gWy9zYmluL2lmdXAsIGV0aDEgXQoKdXNlciA6IHRhcGFkbQpwYXNzd29yZDogcGFzczk5d29yZApjaHBhc3N3ZDogeyBleHBpcmU6IEZhbHNlIH0=",
            "guest_customization_is_overridable": false,
            "guest_customization_sysprep": {},
            "guest_customization_sysprep_custom_key_values": {},
            "guest_os_id": "",
            "hardware_clock_timezone": "UTC",
            "host_reference": {
              "kind": "host",
              "name": "10.201.187.30",
              "uuid": "6fb5702e-8664-48ec-88d6-890eec73ff1f"
            },
            "hypervisor_type": null,
            "id": "78337e94-21a9-48a5-b926-c8af5c8da223",
            "machine_type": "PC",
            "memory_size_mib": 32768,
            "metadata": {
              "creation_time": "2021-12-14 13:11:49 +0000 UTC",
              "last_update_time": "2021-12-14 13:12:04 +0000 UTC",
              "name": "",
              "spec_hash": "",
              "spec_version": "1",
              "uuid": "78337e94-21a9-48a5-b926-c8af5c8da223"
            },
            "name": "MTG8-HDP3-MT-02",
            "ngt_credentials": {},
            "ngt_enabled_capability_list": [],
            "nic_list": [
              {
                "ip_endpoint_list": [],
                "is_connected": "true",
                "mac_address": "50:6b:8d:b9:5a:21",
                "model": "",
                "network_function_chain_reference": {},
                "network_function_nic_type": "",
                "nic_type": "NORMAL_NIC",
                "subnet_name": "TAP_P_BE_DB_MGMT(2)",
                "subnet_uuid": "b4d9ea47-3b0a-4348-9f66-536ffacf60f4",
                "uuid": "41156361-57c7-4ce7-b8c7-6f69af4d9d15"
              },
              {
                "ip_endpoint_list": [],
                "is_connected": "true",
                "mac_address": "50:6b:8d:2c:e7:9a",
                "model": "",
                "network_function_chain_reference": {},
                "network_function_nic_type": "",
                "nic_type": "NORMAL_NIC",
                "subnet_name": "TAP_P_BE_DB(53)",
                "subnet_uuid": "86da3c1c-9944-4048-82e7-6255f221e919",
                "uuid": "d121df22-f393-4a7c-94ff-e8059a974e53"
              }
            ],
            "nic_list_status": [
              {
                "floating_ip": "",
                "ip_endpoint_list": [],
                "is_connected": "true",
                "mac_address": "50:6b:8d:b9:5a:21",
                "model": "",
                "network_function_chain_reference": {},
                "network_function_nic_type": "",
                "nic_type": "NORMAL_NIC",
                "subnet_name": "TAP_P_BE_DB_MGMT(2)",
                "subnet_uuid": "b4d9ea47-3b0a-4348-9f66-536ffacf60f4",
                "uuid": "41156361-57c7-4ce7-b8c7-6f69af4d9d15"
              },
              {
                "floating_ip": "",
                "ip_endpoint_list": [],
                "is_connected": "true",
                "mac_address": "50:6b:8d:2c:e7:9a",
                "model": "",
                "network_function_chain_reference": {},
                "network_function_nic_type": "",
                "nic_type": "NORMAL_NIC",
                "subnet_name": "TAP_P_BE_DB(53)",
                "subnet_uuid": "86da3c1c-9944-4048-82e7-6255f221e919",
                "uuid": "d121df22-f393-4a7c-94ff-e8059a974e53"
              }
            ],
            "num_sockets": 2,
            "num_vcpus_per_socket": 4,
            "num_vnuma_nodes": 0,
            "nutanix_guest_tools": {},
            "owner_reference": {
              "kind": "user",
              "name": "patcharapon_nat",
              "uuid": "eebc9e7d-35fd-5e30-866e-06bc3428d5e5"
            },
            "parent_reference": {},
            "power_state": "ON",
            "power_state_mechanism": "",
            "project_reference": {},
            "serial_port_list": [],
            "should_fail_on_script_failure": false,
            "state": "COMPLETE",
            "use_hot_add": true,
            "vga_console_enabled": true
          },
          "private": "eyJzY2hlbWFfdmVyc2lvbiI6IjEifQ=="
        },
        {
          "index_key": "vm_2",
          "schema_version": 1,
          "attributes": {
            "api_version": "3.1",
            "availability_zone_reference": {},
            "boot_device_disk_address": {},
            "boot_device_mac_address": "",
            "boot_device_order_list": [
              "CDROM",
              "DISK",
              "NETWORK"
            ],
            "boot_type": "LEGACY",
            "categories": [],
            "cloud_init_cdrom_uuid": "4bb1051f-183c-4dd1-9720-d5acb5b8cb92",
            "cluster_name": "D2P-TAPNTNX-01",
            "cluster_uuid": "00059e68-e86e-f569-497e-ac1f6b3b4b58",
            "description": "",
            "disk_list": [
              {
                "data_source_reference": {},
                "device_properties": [
                  {
                    "device_type": "DISK",
                    "disk_address": {
                      "adapter_type": "SCSI",
                      "device_index": "0"
                    }
                  }
                ],
                "disk_size_bytes": 536870912000,
                "disk_size_mib": 512000,
                "storage_config": [],
                "uuid": "bfcd182f-7079-42ce-8119-5cb5a644dd98",
                "volume_group_reference": {}
              }
            ],
            "enable_script_exec": false,
            "gpu_list": [],
            "guest_customization_cloud_init_custom_key_values": {},
            "guest_customization_cloud_init_meta_data": "",
            "guest_customization_cloud_init_user_data": "I2Nsb3VkLWNvbmZpZwpob3N0bmFtZTogbXRnOC1oZHAzLW10LTAzCmZxZG46IG10ZzgtaGRwMy1tdC0wMy50YXAudHJ1ZS50aAp3cml0ZV9maWxlczoKICAtIHBhdGg6IC9ldGMvc3lzY29uZmlnL25ldHdvcmstc2NyaXB0cy9pZmNmZy1ldGgwCiAgICBjb250ZW50OiB8IAogICAgICBOQU1FPWV0aDAKICAgICAgREVWSUNFPWV0aDAKICAgICAgQk9PVFBST1RPPSJub25lIgogICAgICBORVRNQVNLPSIyNTUuMjU1LjI1NS4wIgogICAgICBJUEFERFI9IjEwLjIwMS4xODEuODMiCiAgICAgICNHQVRFV0FZPSIxMC4yMDEuMTgxLjEiCiAgICAgIE9OQk9PVD0ieWVzIiAKICAtIHBhdGg6IC9ldGMvc3lzY29uZmlnL25ldHdvcmstc2NyaXB0cy9pZmNmZy1ldGgxIAogICAgY29udGVudDogfCAKICAgICAgTkFNRT1ldGgxCiAgICAgIERFVklDRT1ldGgxCiAgICAgIEJPT1RQUk9UTz0ibm9uZSIKICAgICAgTkVUTUFTSz0iMjU1LjI1NS4yNTUuMCIKICAgICAgSVBBRERSPSIxMC4yMTEuNTMuODMiCiAgICAgIEdBVEVXQVk9IjEwLjIxMS41My4xIgogICAgICBPTkJPT1Q9InllcyIKICAtIHBhdGg6IC9ldGMvc3lzY29uZmlnL25ldHdvcmstc2NyaXB0cy9yb3V0ZS1ldGgwIAogICAgY29udGVudDogfAogICAgICAxMC4yMDIuMy4wLzI0ICB2aWEgMTAuMjAxLjE4MS4xIGRldiBldGgwCiAgICAgIDEwLjIwNS40LjAvMjIgIHZpYSAxMC4yMDEuMTgxLjEgZGV2IGV0aDAKICAgICAgMTAuMjAyLjkuMC8yNCAgdmlhIDEwLjIwMS4xODEuMSBkZXYgZXRoMAogICAgICAxMC4xOC4xMTEuMC8yNCB2aWEgMTAuMjAxLjE4MS4xIGRldiBldGgwCiAgICAgIDEwLjE4LjEyLjAvMjQgIHZpYSAxMC4yMDEuMTgxLjEgZGV2IGV0aDAKICAgICAgMTAuMjAwLjIxLjAvMjQgdmlhIDEwLjIwMS4xODEuMSBkZXYgZXRoMAogICAgICAxMC4yMDEuMC4wLzE2IHZpYSAxMC4yMDEuMTgxLjEgZGV2IGV0aDAKICAgICAgMTAuMTguMTUuMC8yNCB2aWEgMTAuMjAxLjE4MS4xIGRldiBldGgwCiAgICAgIDEwLjIwNS4xMDQuMC8xNiB2aWEgMTAuMjAxLjE4MS4xIGRldiBldGgwCgogIC0gcGF0aDogL2V0Yy9wcm9maWxlLmQvcHJveHkuc2gKICAgIHBlcm1pc3Npb25zOiAnMDc1NScKICAgIGNvbnRlbnQ6IHwKICAgICAgTVlQUk9YWT0iaHR0cDovLzEwLjEwMS4yMDEuMjQxOjMxMjgiCiAgICAgIEZUUF9QUk9YWT0kTVlQUk9YWQogICAgICBIVFRQX1BST1hZPSRNWVBST1hZCiAgICAgIEhUVFBTX1BST1hZPSRNWVBST1hZCiAgICAgIGZ0cF9wcm94eT0kTVlQUk9YWQogICAgICBodHRwX3Byb3h5PSRNWVBST1hZCiAgICAgIGh0dHBzX3Byb3h5PSRNWVBST1hZCiAgICAgIG5vX3Byb3h5PSJsb2NhbGhvc3QsMTI3LjAuMC4xLGxvY2FsYWRkcmVzcywudGFwLnRydWUudGgiCiAgICAgIGV4cG9ydCBGVFBfUFJPWFkgSFRUUF9QUk9YWSBIVFRQU19QUk9YWSBmdHBfcHJveHkgaHR0cF9wcm94eSBodHRwc19wcm94eSBub19wcm94eQoKcnVuY21kOiAKICAtIFsvc2Jpbi9pZmRvd24sIGV0aDBdCiAgLSBbL3NiaW4vaWZ1cCwgZXRoMF0KICAtIFsvc2Jpbi9pZmRvd24sIGV0aDEgXQogIC0gWy9zYmluL2lmdXAsIGV0aDEgXQoKdXNlciA6IHRhcGFkbQpwYXNzd29yZDogcGFzczk5d29yZApjaHBhc3N3ZDogeyBleHBpcmU6IEZhbHNlIH0=",
            "guest_customization_is_overridable": false,
            "guest_customization_sysprep": {},
            "guest_customization_sysprep_custom_key_values": {},
            "guest_os_id": "",
            "hardware_clock_timezone": "UTC",
            "host_reference": {
              "kind": "host",
              "name": "10.201.187.27",
              "uuid": "e7af7688-1788-4451-9808-3b6e087570db"
            },
            "hypervisor_type": null,
            "id": "bb429b61-fdf8-4614-b479-00d7231b9703",
            "machine_type": "PC",
            "memory_size_mib": 32768,
            "metadata": {
              "creation_time": "2021-12-14 13:11:49 +0000 UTC",
              "last_update_time": "2021-12-14 13:12:04 +0000 UTC",
              "name": "",
              "spec_hash": "",
              "spec_version": "1",
              "uuid": "bb429b61-fdf8-4614-b479-00d7231b9703"
            },
            "name": "MTG8-HDP3-MT-03",
            "ngt_credentials": {},
            "ngt_enabled_capability_list": [],
            "nic_list": [
              {
                "ip_endpoint_list": [],
                "is_connected": "true",
                "mac_address": "50:6b:8d:5a:ff:02",
                "model": "",
                "network_function_chain_reference": {},
                "network_function_nic_type": "",
                "nic_type": "NORMAL_NIC",
                "subnet_name": "TAP_P_BE_DB_MGMT(2)",
                "subnet_uuid": "b4d9ea47-3b0a-4348-9f66-536ffacf60f4",
                "uuid": "f3c90b2f-ae03-4288-b28f-f8b191b21882"
              },
              {
                "ip_endpoint_list": [],
                "is_connected": "true",
                "mac_address": "50:6b:8d:fe:8d:df",
                "model": "",
                "network_function_chain_reference": {},
                "network_function_nic_type": "",
                "nic_type": "NORMAL_NIC",
                "subnet_name": "TAP_P_BE_DB(53)",
                "subnet_uuid": "86da3c1c-9944-4048-82e7-6255f221e919",
                "uuid": "34125546-97af-487a-a183-0f534d7e356c"
              }
            ],
            "nic_list_status": [
              {
                "floating_ip": "",
                "ip_endpoint_list": [],
                "is_connected": "true",
                "mac_address": "50:6b:8d:5a:ff:02",
                "model": "",
                "network_function_chain_reference": {},
                "network_function_nic_type": "",
                "nic_type": "NORMAL_NIC",
                "subnet_name": "TAP_P_BE_DB_MGMT(2)",
                "subnet_uuid": "b4d9ea47-3b0a-4348-9f66-536ffacf60f4",
                "uuid": "f3c90b2f-ae03-4288-b28f-f8b191b21882"
              },
              {
                "floating_ip": "",
                "ip_endpoint_list": [],
                "is_connected": "true",
                "mac_address": "50:6b:8d:fe:8d:df",
                "model": "",
                "network_function_chain_reference": {},
                "network_function_nic_type": "",
                "nic_type": "NORMAL_NIC",
                "subnet_name": "TAP_P_BE_DB(53)",
                "subnet_uuid": "86da3c1c-9944-4048-82e7-6255f221e919",
                "uuid": "34125546-97af-487a-a183-0f534d7e356c"
              }
            ],
            "num_sockets": 2,
            "num_vcpus_per_socket": 4,
            "num_vnuma_nodes": 0,
            "nutanix_guest_tools": {},
            "owner_reference": {
              "kind": "user",
              "name": "patcharapon_nat",
              "uuid": "eebc9e7d-35fd-5e30-866e-06bc3428d5e5"
            },
            "parent_reference": {},
            "power_state": "ON",
            "power_state_mechanism": "",
            "project_reference": {},
            "serial_port_list": [],
            "should_fail_on_script_failure": false,
            "state": "COMPLETE",
            "use_hot_add": true,
            "vga_console_enabled": true
          },
          "private": "eyJzY2hlbWFfdmVyc2lvbiI6IjEifQ=="
        }
      ]
    }
  ]
}
