{
  "version": 4,
  "terraform_version": "0.12.26",
  "serial": 4,
  "lineage": "eca9073a-55ac-8f99-5e48-006be317782e",
  "outputs": {},
  "resources": [
    {
      "mode": "data",
      "type": "nutanix_clusters",
      "name": "clusters",
      "provider": "provider.nutanix",
      "instances": [
        {
          "schema_version": 0,
          "attributes": {
            "api_version": "3.1",
            "entities": [
              {
                "analysis_vm_efficiency_map": {},
                "api_version": "",
                "authorized_public_key_list": [],
                "build": {
                  "build_type": "release",
                  "commit_date": "2020-01-28T00:00:31Z",
                  "commit_id": "7919c0c02ac0727eaad9fe2ef4684874ad36d907",
                  "full_version": "el7.3-release-euphrates-5.10.9.1-stable-7919c0c02ac0727eaad9fe2ef4684874ad36d907",
                  "short_commit_id": "7919c0",
                  "version": "5.10.9.1"
                },
                "ca_certificate_list": [],
                "categories": [],
                "certification_signing_info": {},
                "client_auth": {},
                "cluster_arch": "X86_64",
                "domain_server_credentials": {},
                "domain_server_name": "",
                "domain_server_nameserver": "",
                "enabled_feature_list": [
                  "PASSWORD_REMOTE_LOGIN_ENABLED",
                  "SHADOW_CLONES_ENABLED"
                ],
                "encryption_status": "NOT_SUPPORTED",
                "external_data_services_ip": "10.201.187.3",
                "external_ip": "10.201.187.2",
                "external_subnet": "10.201.187.0/255.255.255.0",
                "gpu_driver_version": "",
                "http_proxy_list": [],
                "http_proxy_whitelist": [],
                "internal_subnet": "192.168.5.0/255.255.255.128",
                "is_available": true,
                "management_server_list": [],
                "masquerading_ip": "",
                "masquerading_port": 0,
                "metadata": {
                  "creation_time": "2020-04-20 06:13:37 +0000 UTC",
                  "last_update_time": "2020-05-29 08:23:03 +0000 UTC",
                  "name": "",
                  "spec_hash": "",
                  "spec_version": "5",
                  "uuid": "00059e68-e86e-f569-497e-ac1f6b3b4b58"
                },
                "name": "D2P-TAPNTNX-01",
                "name_server_ip_list": [
                  "10.18.15.121",
                  "10.18.15.122"
                ],
                "nfs_subnet_whitelist": [],
                "nodes": [
                  {
                    "ip": "10.201.187.30",
                    "type": "AHV",
                    "version": "el6.nutanix.20170830.337"
                  },
                  {
                    "ip": "127.0.0.1",
                    "type": "AHV",
                    "version": ""
                  },
                  {
                    "ip": "10.201.187.22",
                    "type": "AHV",
                    "version": "el6.nutanix.20170830.337"
                  },
                  {
                    "ip": "10.201.187.25",
                    "type": "AHV",
                    "version": "el6.nutanix.20170830.337"
                  },
                  {
                    "ip": "10.201.187.21",
                    "type": "AHV",
                    "version": "el6.nutanix.20170830.337"
                  },
                  {
                    "ip": "10.201.187.26",
                    "type": "AHV",
                    "version": "el6.nutanix.20170830.337"
                  },
                  {
                    "ip": "10.201.187.29",
                    "type": "AHV",
                    "version": "el6.nutanix.20170830.337"
                  },
                  {
                    "ip": "10.201.187.23",
                    "type": "AHV",
                    "version": "el6.nutanix.20170830.337"
                  },
                  {
                    "ip": "10.201.187.24",
                    "type": "AHV",
                    "version": "el6.nutanix.20170830.337"
                  },
                  {
                    "ip": "10.201.187.27",
                    "type": "AHV",
                    "version": "el6.nutanix.20170830.337"
                  },
                  {
                    "ip": "10.201.187.28",
                    "type": "AHV",
                    "version": "el6.nutanix.20170830.337"
                  }
                ],
                "ntp_server_ip_list": [
                  "10.18.15.121",
                  "10.18.15.122"
                ],
                "operation_mode": "NORMAL",
                "owner_reference": {},
                "project_reference": {},
                "service_list": [
                  "AOS"
                ],
                "smtp_server_address": {
                  "fqdn": "",
                  "ip": "10.18.12.188",
                  "ipv6": "",
                  "port": "25"
                },
                "smtp_server_credentials": {},
                "smtp_server_email_address": "d2p-tapntnxpe-01@truedigital.com",
                "smtp_server_proxy_type_list": [],
                "smtp_server_type": "PLAIN",
                "software_map_ncc": {},
                "software_map_nos": {
                  "software_type": "NOS",
                  "status": "INSTALLED",
                  "version": "5.10.9.1"
                },
                "ssl_key_expire_datetime": "",
                "ssl_key_name": "",
                "ssl_key_signing_info": {},
                "ssl_key_type": "",
                "state": "COMPLETE",
                "supported_information_verbosity": "BASIC_PLUS_CORE_DUMP",
                "timezone": "Asia/Bangkok"
              }
            ],
            "id": "terraform-20201030074015550500000001"
          }
        }
      ]
    },
    {
      "mode": "managed",
      "type": "nutanix_virtual_machine",
      "name": "vm1",
      "each": "map",
      "provider": "provider.nutanix",
      "instances": [
        {
          "index_key": "vm_0",
          "schema_version": 1,
          "attributes": {
            "api_version": "3.1",
            "availability_zone_reference": {},
            "boot_device_disk_address": {},
            "boot_device_mac_address": "",
            "boot_device_order_list": [],
            "categories": [],
            "cluster_name": "D2P-TAPNTNX-01",
            "cluster_uuid": "00059e68-e86e-f569-497e-ac1f6b3b4b58",
            "description": "",
            "disk_list": [
              {
                "data_source_reference": {},
                "device_properties": [
                  {
                    "device_type": "DISK",
                    "disk_address": {
                      "adapter_type": "SCSI",
                      "device_index": "0"
                    }
                  }
                ],
                "disk_size_bytes": 214748364800,
                "disk_size_mib": 204800,
                "uuid": "9e75d25b-b62e-4b57-ac54-e354dbd385b6",
                "volume_group_reference": {}
              }
            ],
            "enable_script_exec": false,
            "gpu_list": [],
            "guest_customization_cloud_init_custom_key_values": {},
            "guest_customization_cloud_init_meta_data": "",
            "guest_customization_cloud_init_user_data": "I2Nsb3VkLWNvbmZpZwpob3N0bmFtZTogbXRnOC1kZXZvei1tZ250LTAxCmZxZG46IG10ZzgtZGV2b3otbWdudC0wMS5kZXYudGFwCndyaXRlX2ZpbGVzOgogIC0gcGF0aDogL2V0Yy9zeXNjb25maWcvbmV0d29yay1zY3JpcHRzL2lmY2ZnLWV0aDAKICAgIGNvbnRlbnQ6IHwgCiAgICAgIE5BTUU9ZXRoMAogICAgICBERVZJQ0U9ZXRoMAogICAgICBCT09UUFJPVE89Im5vbmUiCiAgICAgIE5FVE1BU0s9IjI1NS4yNTUuMjU1LjAiCiAgICAgIElQQUREUj0iMTAuMjAxLjE4Ni40OSIKICAgICAgI0dBVEVXQVk9IjEwLjIwMS4xODYuMSIKICAgICAgT05CT09UPSJ5ZXMiIAogIC0gcGF0aDogL2V0Yy9zeXNjb25maWcvbmV0d29yay1zY3JpcHRzL2lmY2ZnLWV0aDEgCiAgICBjb250ZW50OiB8IAogICAgICBOQU1FPWV0aDEKICAgICAgREVWSUNFPWV0aDEKICAgICAgQk9PVFBST1RPPSJub25lIgogICAgICBORVRNQVNLPSIyNTUuMjU1LjI1NS4wIgogICAgICBJUEFERFI9IjEwLjEwMS4yMTEuNDkiCiAgICAgIEdBVEVXQVk9IjEwLjEwMS4yMTEuMSIKICAgICAgT05CT09UPSJ5ZXMiCiAgICAgIEROUzE9MTAuMjExLjUyLjgxCiAgICAgIEROUzI9MTAuMjExLjUyLjgyCiAgICAgIERPTUFJTj1kZXYudGFwCiAgLSBwYXRoOiAvZXRjL3N5c2NvbmZpZy9uZXR3b3JrLXNjcmlwdHMvcm91dGUtZXRoMCAKICAgIGNvbnRlbnQ6IHwKICAgICAgMTAuMjAyLjMuMC8yNCAgdmlhIDEwLjIwMS4xODYuMSBkZXYgZXRoMAogICAgICAxMC4yMDUuNC4wLzIyICB2aWEgMTAuMjAxLjE4Ni4xIGRldiBldGgwCiAgICAgIDEwLjIwMi45LjAvMjQgIHZpYSAxMC4yMDEuMTg2LjEgZGV2IGV0aDAKICAgICAgMTAuMTguMTExLjAvMjQgdmlhIDEwLjIwMS4xODYuMSBkZXYgZXRoMAogICAgICAxMC4xOC4xMi4wLzI0ICB2aWEgMTAuMjAxLjE4Ni4xIGRldiBldGgwCiAgICAgIDEwLjIwMC4yMS4wLzI0IHZpYSAxMC4yMDEuMTg2LjEgZGV2IGV0aDAKICAtIHBhdGg6IC9ldGMvcHJvZmlsZS5kL3Byb3h5LnNoCiAgICBwZXJtaXNzaW9uczogJzA3NTUnCiAgICBjb250ZW50OiB8CiAgICAgIE1ZUFJPWFk9Imh0dHA6Ly9tdGc4LXRhcHByb3h5LnRhcC50cnVlLnRoOjMxMjgvIgogICAgICBGVFBfUFJPWFk9JE1ZUFJPWFkKICAgICAgSFRUUF9QUk9YWT0kTVlQUk9YWQogICAgICBIVFRQU19QUk9YWT0kTVlQUk9YWQogICAgICBmdHBfcHJveHk9JE1ZUFJPWFkKICAgICAgaHR0cF9wcm94eT0kTVlQUk9YWQogICAgICBodHRwc19wcm94eT0kTVlQUk9YWQogICAgICBub19wcm94eT0ibG9jYWxob3N0LDEyNy4wLjAuMSxsb2NhbGFkZHJlc3MsLmRldi50YXAiCiAgICAgIGV4cG9ydCBGVFBfUFJPWFkgSFRUUF9QUk9YWSBIVFRQU19QUk9YWSBmdHBfcHJveHkgaHR0cF9wcm94eSBodHRwc19wcm94eSBub19wcm94eQoKcnVuY21kOiAKICAtIFsvc2Jpbi9pZmRvd24sIGV0aDBdCiAgLSBbL3NiaW4vaWZ1cCwgZXRoMF0KICAtIFsvc2Jpbi9pZmRvd24sIGV0aDEgXQogIC0gWy9zYmluL2lmdXAsIGV0aDEgXQoKdXNlciA6IHRhcGFkbQpwYXNzd29yZDogcGFzczk5d29yZApjaHBhc3N3ZDogeyBleHBpcmU6IEZhbHNlIH0=",
            "guest_customization_is_overridable": false,
            "guest_customization_sysprep": {},
            "guest_customization_sysprep_custom_key_values": {},
            "guest_os_id": "",
            "hardware_clock_timezone": "Asia/Bangkok",
            "host_reference": {
              "kind": "host",
              "name": "10.201.187.25",
              "uuid": "83df827c-3c74-4a6b-b920-e77d0ed5f07e"
            },
            "hypervisor_type": null,
            "id": "dbcd2129-af8e-47c5-8916-e962315c016a",
            "memory_size_mib": 8192,
            "metadata": {
              "creation_time": "2020-10-30 07:40:24 +0000 UTC",
              "last_update_time": "2020-10-30 07:40:40 +0000 UTC",
              "name": "",
              "spec_hash": "",
              "spec_version": "1",
              "uuid": "dbcd2129-af8e-47c5-8916-e962315c016a"
            },
            "name": "MTG8-DEVOZ-MGNT-01",
            "ngt_credentials": {},
            "ngt_enabled_capability_list": [],
            "nic_list": [
              {
                "ip_endpoint_list": [],
                "is_connected": "true",
                "mac_address": "50:6b:8d:89:fb:11",
                "model": "",
                "network_function_chain_reference": {},
                "network_function_nic_type": "",
                "nic_type": "NORMAL_NIC",
                "subnet_name": "TAP_DEV_MGMT",
                "subnet_uuid": "9f117534-309f-447f-bd4a-4143bbb2d560",
                "uuid": "16ed12a7-1d08-4055-bd39-380a4d5f7f3e"
              },
              {
                "ip_endpoint_list": [],
                "is_connected": "true",
                "mac_address": "50:6b:8d:94:0f:02",
                "model": "",
                "network_function_chain_reference": {},
                "network_function_nic_type": "",
                "nic_type": "NORMAL_NIC",
                "subnet_name": "TAP_DEV",
                "subnet_uuid": "410d1deb-3d33-4066-ad0f-76af1c186821",
                "uuid": "6bf28b2c-8f34-4d50-ab74-81a130c84da8"
              }
            ],
            "nic_list_status": [
              {
                "floating_ip": "",
                "ip_endpoint_list": [],
                "is_connected": "true",
                "mac_address": "50:6b:8d:89:fb:11",
                "model": "",
                "network_function_chain_reference": {},
                "network_function_nic_type": "",
                "nic_type": "NORMAL_NIC",
                "subnet_name": "TAP_DEV_MGMT",
                "subnet_uuid": "9f117534-309f-447f-bd4a-4143bbb2d560",
                "uuid": "16ed12a7-1d08-4055-bd39-380a4d5f7f3e"
              },
              {
                "floating_ip": "",
                "ip_endpoint_list": [
                  {
                    "ip": "10.101.211.9",
                    "type": "LEARNED"
                  }
                ],
                "is_connected": "true",
                "mac_address": "50:6b:8d:94:0f:02",
                "model": "",
                "network_function_chain_reference": {},
                "network_function_nic_type": "",
                "nic_type": "NORMAL_NIC",
                "subnet_name": "TAP_DEV",
                "subnet_uuid": "410d1deb-3d33-4066-ad0f-76af1c186821",
                "uuid": "6bf28b2c-8f34-4d50-ab74-81a130c84da8"
              }
            ],
            "num_sockets": 2,
            "num_vcpus_per_socket": 2,
            "num_vnuma_nodes": 0,
            "nutanix_guest_tools": {},
            "owner_reference": {
              "kind": "user",
              "name": "patcharapon_nat",
              "uuid": "eebc9e7d-35fd-5e30-866e-06bc3428d5e5"
            },
            "parent_reference": {},
            "power_state": "ON",
            "power_state_mechanism": "",
            "project_reference": {},
            "serial_port_list": [],
            "should_fail_on_script_failure": false,
            "state": "COMPLETE",
            "vga_console_enabled": true
          },
          "private": "eyJzY2hlbWFfdmVyc2lvbiI6IjEifQ=="
        },
        {
          "index_key": "vm_1",
          "schema_version": 1,
          "attributes": {
            "api_version": "3.1",
            "availability_zone_reference": {},
            "boot_device_disk_address": {},
            "boot_device_mac_address": "",
            "boot_device_order_list": [],
            "categories": [],
            "cluster_name": "D2P-TAPNTNX-01",
            "cluster_uuid": "00059e68-e86e-f569-497e-ac1f6b3b4b58",
            "description": "",
            "disk_list": [
              {
                "data_source_reference": {},
                "device_properties": [
                  {
                    "device_type": "DISK",
                    "disk_address": {
                      "adapter_type": "SCSI",
                      "device_index": "0"
                    }
                  }
                ],
                "disk_size_bytes": 214748364800,
                "disk_size_mib": 204800,
                "uuid": "657ee6c9-eedd-419e-81a9-21f193cbe69b",
                "volume_group_reference": {}
              }
            ],
            "enable_script_exec": false,
            "gpu_list": [],
            "guest_customization_cloud_init_custom_key_values": {},
            "guest_customization_cloud_init_meta_data": "",
            "guest_customization_cloud_init_user_data": "I2Nsb3VkLWNvbmZpZwpob3N0bmFtZTogbXRnOC1kZXZvei1tZ250LTAyCmZxZG46IG10ZzgtZGV2b3otbWdudC0wMi5kZXYudGFwCndyaXRlX2ZpbGVzOgogIC0gcGF0aDogL2V0Yy9zeXNjb25maWcvbmV0d29yay1zY3JpcHRzL2lmY2ZnLWV0aDAKICAgIGNvbnRlbnQ6IHwgCiAgICAgIE5BTUU9ZXRoMAogICAgICBERVZJQ0U9ZXRoMAogICAgICBCT09UUFJPVE89Im5vbmUiCiAgICAgIE5FVE1BU0s9IjI1NS4yNTUuMjU1LjAiCiAgICAgIElQQUREUj0iMTAuMjAxLjE4Ni41MCIKICAgICAgI0dBVEVXQVk9IjEwLjIwMS4xODYuMSIKICAgICAgT05CT09UPSJ5ZXMiIAogIC0gcGF0aDogL2V0Yy9zeXNjb25maWcvbmV0d29yay1zY3JpcHRzL2lmY2ZnLWV0aDEgCiAgICBjb250ZW50OiB8IAogICAgICBOQU1FPWV0aDEKICAgICAgREVWSUNFPWV0aDEKICAgICAgQk9PVFBST1RPPSJub25lIgogICAgICBORVRNQVNLPSIyNTUuMjU1LjI1NS4wIgogICAgICBJUEFERFI9IjEwLjEwMS4yMTEuNTAiCiAgICAgIEdBVEVXQVk9IjEwLjEwMS4yMTEuMSIKICAgICAgT05CT09UPSJ5ZXMiCiAgICAgIEROUzE9MTAuMjExLjUyLjgxCiAgICAgIEROUzI9MTAuMjExLjUyLjgyCiAgICAgIERPTUFJTj1kZXYudGFwCiAgLSBwYXRoOiAvZXRjL3N5c2NvbmZpZy9uZXR3b3JrLXNjcmlwdHMvcm91dGUtZXRoMCAKICAgIGNvbnRlbnQ6IHwKICAgICAgMTAuMjAyLjMuMC8yNCAgdmlhIDEwLjIwMS4xODYuMSBkZXYgZXRoMAogICAgICAxMC4yMDUuNC4wLzIyICB2aWEgMTAuMjAxLjE4Ni4xIGRldiBldGgwCiAgICAgIDEwLjIwMi45LjAvMjQgIHZpYSAxMC4yMDEuMTg2LjEgZGV2IGV0aDAKICAgICAgMTAuMTguMTExLjAvMjQgdmlhIDEwLjIwMS4xODYuMSBkZXYgZXRoMAogICAgICAxMC4xOC4xMi4wLzI0ICB2aWEgMTAuMjAxLjE4Ni4xIGRldiBldGgwCiAgICAgIDEwLjIwMC4yMS4wLzI0IHZpYSAxMC4yMDEuMTg2LjEgZGV2IGV0aDAKICAtIHBhdGg6IC9ldGMvcHJvZmlsZS5kL3Byb3h5LnNoCiAgICBwZXJtaXNzaW9uczogJzA3NTUnCiAgICBjb250ZW50OiB8CiAgICAgIE1ZUFJPWFk9Imh0dHA6Ly9tdGc4LXRhcHByb3h5LnRhcC50cnVlLnRoOjMxMjgvIgogICAgICBGVFBfUFJPWFk9JE1ZUFJPWFkKICAgICAgSFRUUF9QUk9YWT0kTVlQUk9YWQogICAgICBIVFRQU19QUk9YWT0kTVlQUk9YWQogICAgICBmdHBfcHJveHk9JE1ZUFJPWFkKICAgICAgaHR0cF9wcm94eT0kTVlQUk9YWQogICAgICBodHRwc19wcm94eT0kTVlQUk9YWQogICAgICBub19wcm94eT0ibG9jYWxob3N0LDEyNy4wLjAuMSxsb2NhbGFkZHJlc3MsLmRldi50YXAiCiAgICAgIGV4cG9ydCBGVFBfUFJPWFkgSFRUUF9QUk9YWSBIVFRQU19QUk9YWSBmdHBfcHJveHkgaHR0cF9wcm94eSBodHRwc19wcm94eSBub19wcm94eQoKcnVuY21kOiAKICAtIFsvc2Jpbi9pZmRvd24sIGV0aDBdCiAgLSBbL3NiaW4vaWZ1cCwgZXRoMF0KICAtIFsvc2Jpbi9pZmRvd24sIGV0aDEgXQogIC0gWy9zYmluL2lmdXAsIGV0aDEgXQoKdXNlciA6IHRhcGFkbQpwYXNzd29yZDogcGFzczk5d29yZApjaHBhc3N3ZDogeyBleHBpcmU6IEZhbHNlIH0=",
            "guest_customization_is_overridable": false,
            "guest_customization_sysprep": {},
            "guest_customization_sysprep_custom_key_values": {},
            "guest_os_id": "",
            "hardware_clock_timezone": "Asia/Bangkok",
            "host_reference": {
              "kind": "host",
              "name": "10.201.187.25",
              "uuid": "83df827c-3c74-4a6b-b920-e77d0ed5f07e"
            },
            "hypervisor_type": null,
            "id": "61974fc1-0172-42b4-a65a-2a84704e9fd8",
            "memory_size_mib": 8192,
            "metadata": {
              "creation_time": "2020-10-30 07:40:24 +0000 UTC",
              "last_update_time": "2020-10-30 07:40:40 +0000 UTC",
              "name": "",
              "spec_hash": "",
              "spec_version": "1",
              "uuid": "61974fc1-0172-42b4-a65a-2a84704e9fd8"
            },
            "name": "MTG8-DEVOZ-MGNT-02",
            "ngt_credentials": {},
            "ngt_enabled_capability_list": [],
            "nic_list": [
              {
                "ip_endpoint_list": [],
                "is_connected": "true",
                "mac_address": "50:6b:8d:ec:b9:e9",
                "model": "",
                "network_function_chain_reference": {},
                "network_function_nic_type": "",
                "nic_type": "NORMAL_NIC",
                "subnet_name": "TAP_DEV_MGMT",
                "subnet_uuid": "9f117534-309f-447f-bd4a-4143bbb2d560",
                "uuid": "2d8ba990-af69-4213-b076-99f09d39046c"
              },
              {
                "ip_endpoint_list": [],
                "is_connected": "true",
                "mac_address": "50:6b:8d:c3:1a:13",
                "model": "",
                "network_function_chain_reference": {},
                "network_function_nic_type": "",
                "nic_type": "NORMAL_NIC",
                "subnet_name": "TAP_DEV",
                "subnet_uuid": "410d1deb-3d33-4066-ad0f-76af1c186821",
                "uuid": "69bdbda7-82d8-490b-a3ae-f4788dca5704"
              }
            ],
            "nic_list_status": [
              {
                "floating_ip": "",
                "ip_endpoint_list": [],
                "is_connected": "true",
                "mac_address": "50:6b:8d:ec:b9:e9",
                "model": "",
                "network_function_chain_reference": {},
                "network_function_nic_type": "",
                "nic_type": "NORMAL_NIC",
                "subnet_name": "TAP_DEV_MGMT",
                "subnet_uuid": "9f117534-309f-447f-bd4a-4143bbb2d560",
                "uuid": "2d8ba990-af69-4213-b076-99f09d39046c"
              },
              {
                "floating_ip": "",
                "ip_endpoint_list": [
                  {
                    "ip": "10.101.211.9",
                    "type": "LEARNED"
                  }
                ],
                "is_connected": "true",
                "mac_address": "50:6b:8d:c3:1a:13",
                "model": "",
                "network_function_chain_reference": {},
                "network_function_nic_type": "",
                "nic_type": "NORMAL_NIC",
                "subnet_name": "TAP_DEV",
                "subnet_uuid": "410d1deb-3d33-4066-ad0f-76af1c186821",
                "uuid": "69bdbda7-82d8-490b-a3ae-f4788dca5704"
              }
            ],
            "num_sockets": 2,
            "num_vcpus_per_socket": 2,
            "num_vnuma_nodes": 0,
            "nutanix_guest_tools": {},
            "owner_reference": {
              "kind": "user",
              "name": "patcharapon_nat",
              "uuid": "eebc9e7d-35fd-5e30-866e-06bc3428d5e5"
            },
            "parent_reference": {},
            "power_state": "ON",
            "power_state_mechanism": "",
            "project_reference": {},
            "serial_port_list": [],
            "should_fail_on_script_failure": false,
            "state": "COMPLETE",
            "vga_console_enabled": true
          },
          "private": "eyJzY2hlbWFfdmVyc2lvbiI6IjEifQ=="
        },
        {
          "index_key": "vm_2",
          "schema_version": 1,
          "attributes": {
            "api_version": "3.1",
            "availability_zone_reference": {},
            "boot_device_disk_address": {},
            "boot_device_mac_address": "",
            "boot_device_order_list": [],
            "categories": [],
            "cluster_name": "D2P-TAPNTNX-01",
            "cluster_uuid": "00059e68-e86e-f569-497e-ac1f6b3b4b58",
            "description": "",
            "disk_list": [
              {
                "data_source_reference": {},
                "device_properties": [
                  {
                    "device_type": "DISK",
                    "disk_address": {
                      "adapter_type": "SCSI",
                      "device_index": "0"
                    }
                  }
                ],
                "disk_size_bytes": 214748364800,
                "disk_size_mib": 204800,
                "uuid": "27fde27f-e8ae-4345-844c-33a5118d7cac",
                "volume_group_reference": {}
              }
            ],
            "enable_script_exec": false,
            "gpu_list": [],
            "guest_customization_cloud_init_custom_key_values": {},
            "guest_customization_cloud_init_meta_data": "",
            "guest_customization_cloud_init_user_data": "I2Nsb3VkLWNvbmZpZwpob3N0bmFtZTogbXRnOC1kZXZvei1tZ250LTAzCmZxZG46IG10ZzgtZGV2b3otbWdudC0wMy5kZXYudGFwCndyaXRlX2ZpbGVzOgogIC0gcGF0aDogL2V0Yy9zeXNjb25maWcvbmV0d29yay1zY3JpcHRzL2lmY2ZnLWV0aDAKICAgIGNvbnRlbnQ6IHwgCiAgICAgIE5BTUU9ZXRoMAogICAgICBERVZJQ0U9ZXRoMAogICAgICBCT09UUFJPVE89Im5vbmUiCiAgICAgIE5FVE1BU0s9IjI1NS4yNTUuMjU1LjAiCiAgICAgIElQQUREUj0iMTAuMjAxLjE4Ni41MSIKICAgICAgI0dBVEVXQVk9IjEwLjIwMS4xODYuMSIKICAgICAgT05CT09UPSJ5ZXMiIAogIC0gcGF0aDogL2V0Yy9zeXNjb25maWcvbmV0d29yay1zY3JpcHRzL2lmY2ZnLWV0aDEgCiAgICBjb250ZW50OiB8IAogICAgICBOQU1FPWV0aDEKICAgICAgREVWSUNFPWV0aDEKICAgICAgQk9PVFBST1RPPSJub25lIgogICAgICBORVRNQVNLPSIyNTUuMjU1LjI1NS4wIgogICAgICBJUEFERFI9IjEwLjEwMS4yMTEuNTEiCiAgICAgIEdBVEVXQVk9IjEwLjEwMS4yMTEuMSIKICAgICAgT05CT09UPSJ5ZXMiCiAgICAgIEROUzE9MTAuMjExLjUyLjgxCiAgICAgIEROUzI9MTAuMjExLjUyLjgyCiAgICAgIERPTUFJTj1kZXYudGFwCiAgLSBwYXRoOiAvZXRjL3N5c2NvbmZpZy9uZXR3b3JrLXNjcmlwdHMvcm91dGUtZXRoMCAKICAgIGNvbnRlbnQ6IHwKICAgICAgMTAuMjAyLjMuMC8yNCAgdmlhIDEwLjIwMS4xODYuMSBkZXYgZXRoMAogICAgICAxMC4yMDUuNC4wLzIyICB2aWEgMTAuMjAxLjE4Ni4xIGRldiBldGgwCiAgICAgIDEwLjIwMi45LjAvMjQgIHZpYSAxMC4yMDEuMTg2LjEgZGV2IGV0aDAKICAgICAgMTAuMTguMTExLjAvMjQgdmlhIDEwLjIwMS4xODYuMSBkZXYgZXRoMAogICAgICAxMC4xOC4xMi4wLzI0ICB2aWEgMTAuMjAxLjE4Ni4xIGRldiBldGgwCiAgICAgIDEwLjIwMC4yMS4wLzI0IHZpYSAxMC4yMDEuMTg2LjEgZGV2IGV0aDAKICAtIHBhdGg6IC9ldGMvcHJvZmlsZS5kL3Byb3h5LnNoCiAgICBwZXJtaXNzaW9uczogJzA3NTUnCiAgICBjb250ZW50OiB8CiAgICAgIE1ZUFJPWFk9Imh0dHA6Ly9tdGc4LXRhcHByb3h5LnRhcC50cnVlLnRoOjMxMjgvIgogICAgICBGVFBfUFJPWFk9JE1ZUFJPWFkKICAgICAgSFRUUF9QUk9YWT0kTVlQUk9YWQogICAgICBIVFRQU19QUk9YWT0kTVlQUk9YWQogICAgICBmdHBfcHJveHk9JE1ZUFJPWFkKICAgICAgaHR0cF9wcm94eT0kTVlQUk9YWQogICAgICBodHRwc19wcm94eT0kTVlQUk9YWQogICAgICBub19wcm94eT0ibG9jYWxob3N0LDEyNy4wLjAuMSxsb2NhbGFkZHJlc3MsLmRldi50YXAiCiAgICAgIGV4cG9ydCBGVFBfUFJPWFkgSFRUUF9QUk9YWSBIVFRQU19QUk9YWSBmdHBfcHJveHkgaHR0cF9wcm94eSBodHRwc19wcm94eSBub19wcm94eQoKcnVuY21kOiAKICAtIFsvc2Jpbi9pZmRvd24sIGV0aDBdCiAgLSBbL3NiaW4vaWZ1cCwgZXRoMF0KICAtIFsvc2Jpbi9pZmRvd24sIGV0aDEgXQogIC0gWy9zYmluL2lmdXAsIGV0aDEgXQoKdXNlciA6IHRhcGFkbQpwYXNzd29yZDogcGFzczk5d29yZApjaHBhc3N3ZDogeyBleHBpcmU6IEZhbHNlIH0=",
            "guest_customization_is_overridable": false,
            "guest_customization_sysprep": {},
            "guest_customization_sysprep_custom_key_values": {},
            "guest_os_id": "",
            "hardware_clock_timezone": "Asia/Bangkok",
            "host_reference": {
              "kind": "host",
              "name": "10.201.187.21",
              "uuid": "50e70dee-a674-415b-923b-7e6f4e0309bd"
            },
            "hypervisor_type": null,
            "id": "ead7f0be-d06f-48a6-b117-4095d8203654",
            "memory_size_mib": 8192,
            "metadata": {
              "creation_time": "2020-10-30 07:40:24 +0000 UTC",
              "last_update_time": "2020-10-30 07:40:40 +0000 UTC",
              "name": "",
              "spec_hash": "",
              "spec_version": "1",
              "uuid": "ead7f0be-d06f-48a6-b117-4095d8203654"
            },
            "name": "MTG8-DEVOZ-MGNT-03",
            "ngt_credentials": {},
            "ngt_enabled_capability_list": [],
            "nic_list": [
              {
                "ip_endpoint_list": [],
                "is_connected": "true",
                "mac_address": "50:6b:8d:5a:a8:1a",
                "model": "",
                "network_function_chain_reference": {},
                "network_function_nic_type": "",
                "nic_type": "NORMAL_NIC",
                "subnet_name": "TAP_DEV_MGMT",
                "subnet_uuid": "9f117534-309f-447f-bd4a-4143bbb2d560",
                "uuid": "bc82613f-2f87-4dc3-b023-5ad98b391929"
              },
              {
                "ip_endpoint_list": [],
                "is_connected": "true",
                "mac_address": "50:6b:8d:a3:bf:65",
                "model": "",
                "network_function_chain_reference": {},
                "network_function_nic_type": "",
                "nic_type": "NORMAL_NIC",
                "subnet_name": "TAP_DEV",
                "subnet_uuid": "410d1deb-3d33-4066-ad0f-76af1c186821",
                "uuid": "4f2f1ed9-c2df-434a-88dc-047519ac6530"
              }
            ],
            "nic_list_status": [
              {
                "floating_ip": "",
                "ip_endpoint_list": [],
                "is_connected": "true",
                "mac_address": "50:6b:8d:5a:a8:1a",
                "model": "",
                "network_function_chain_reference": {},
                "network_function_nic_type": "",
                "nic_type": "NORMAL_NIC",
                "subnet_name": "TAP_DEV_MGMT",
                "subnet_uuid": "9f117534-309f-447f-bd4a-4143bbb2d560",
                "uuid": "bc82613f-2f87-4dc3-b023-5ad98b391929"
              },
              {
                "floating_ip": "",
                "ip_endpoint_list": [
                  {
                    "ip": "10.101.211.9",
                    "type": "LEARNED"
                  }
                ],
                "is_connected": "true",
                "mac_address": "50:6b:8d:a3:bf:65",
                "model": "",
                "network_function_chain_reference": {},
                "network_function_nic_type": "",
                "nic_type": "NORMAL_NIC",
                "subnet_name": "TAP_DEV",
                "subnet_uuid": "410d1deb-3d33-4066-ad0f-76af1c186821",
                "uuid": "4f2f1ed9-c2df-434a-88dc-047519ac6530"
              }
            ],
            "num_sockets": 2,
            "num_vcpus_per_socket": 2,
            "num_vnuma_nodes": 0,
            "nutanix_guest_tools": {},
            "owner_reference": {
              "kind": "user",
              "name": "patcharapon_nat",
              "uuid": "eebc9e7d-35fd-5e30-866e-06bc3428d5e5"
            },
            "parent_reference": {},
            "power_state": "ON",
            "power_state_mechanism": "",
            "project_reference": {},
            "serial_port_list": [],
            "should_fail_on_script_failure": false,
            "state": "COMPLETE",
            "vga_console_enabled": true
          },
          "private": "eyJzY2hlbWFfdmVyc2lvbiI6IjEifQ=="
        }
      ]
    }
  ]
}
